
Microsoft Visual Studio Solution File, Format Version 12.00
# Visual Studio Version 17
VisualStudioVersion = 17.13.35818.85 d17.13
MinimumVisualStudioVersion = 10.0.40219.1
Project("{FAE04EC0-301F-11D3-BF4B-00C04F79EFBC}") = "study25", "study25.csproj", "{1F886D8C-AF59-4209-BE59-904A0DC90FAB}"
EndProject
Global
	GlobalSection(SolutionConfigurationPlatforms) = preSolution
		Debug|Any CPU = Debug|Any CPU
		Release|Any CPU = Release|Any CPU
	EndGlobalSection
	GlobalSection(ProjectConfigurationPlatforms) = postSolution
		{1F886D8C-AF59-4209-BE59-904A0DC90FAB}.Debug|Any CPU.ActiveCfg = Debug|Any CPU
		{1F886D8C-AF59-4209-BE59-904A0DC90FAB}.Debug|Any CPU.Build.0 = Debug|Any CPU
		{1F886D8C-AF59-4209-BE59-904A0DC90FAB}.Release|Any CPU.ActiveCfg = Release|Any CPU
		{1F886D8C-AF59-4209-BE59-904A0DC90FAB}.Release|Any CPU.Build.0 = Release|Any CPU
	EndGlobalSection
	GlobalSection(SolutionProperties) = preSolution
		HideSolutionNode = FALSE
	EndGlobalSection
	GlobalSection(ExtensibilityGlobals) = postSolution
		SolutionGuid = {2138EEB9-38CE-42BD-8F4A-C15A785EE097}
	EndGlobalSection
EndGlobal
