
Microsoft Visual Studio Solution File, Format Version 12.00
# Visual Studio Version 17
VisualStudioVersion = 17.13.35818.85 d17.13
MinimumVisualStudioVersion = 10.0.40219.1
Project("{FAE04EC0-301F-11D3-BF4B-00C04F79EFBC}") = "LikeLion3", "LikeLion3.csproj", "{0D8C2B89-39B0-41A0-8CAB-3D644604A635}"
EndProject
Global
	GlobalSection(SolutionConfigurationPlatforms) = preSolution
		Debug|Any CPU = Debug|Any CPU
		Release|Any CPU = Release|Any CPU
	EndGlobalSection
	GlobalSection(ProjectConfigurationPlatforms) = postSolution
		{0D8C2B89-39B0-41A0-8CAB-3D644604A635}.Debug|Any CPU.ActiveCfg = Debug|Any CPU
		{0D8C2B89-39B0-41A0-8CAB-3D644604A635}.Debug|Any CPU.Build.0 = Debug|Any CPU
		{0D8C2B89-39B0-41A0-8CAB-3D644604A635}.Release|Any CPU.ActiveCfg = Release|Any CPU
		{0D8C2B89-39B0-41A0-8CAB-3D644604A635}.Release|Any CPU.Build.0 = Release|Any CPU
	EndGlobalSection
	GlobalSection(SolutionProperties) = preSolution
		HideSolutionNode = FALSE
	EndGlobalSection
	GlobalSection(ExtensibilityGlobals) = postSolution
		SolutionGuid = {D56F347E-7C64-409D-BEF7-5D9A31FD8CD8}
	EndGlobalSection
EndGlobal
