
Microsoft Visual Studio Solution File, Format Version 12.00
# Visual Studio Version 17
VisualStudioVersion = 17.13.35818.85 d17.13
MinimumVisualStudioVersion = 10.0.40219.1
Project("{FAE04EC0-301F-11D3-BF4B-00C04F79EFBC}") = "study24", "study24.csproj", "{61BABFDC-D680-47C7-A01D-D27C4E6598C5}"
EndProject
Global
	GlobalSection(SolutionConfigurationPlatforms) = preSolution
		Debug|Any CPU = Debug|Any CPU
		Release|Any CPU = Release|Any CPU
	EndGlobalSection
	GlobalSection(ProjectConfigurationPlatforms) = postSolution
		{61BABFDC-D680-47C7-A01D-D27C4E6598C5}.Debug|Any CPU.ActiveCfg = Debug|Any CPU
		{61BABFDC-D680-47C7-A01D-D27C4E6598C5}.Debug|Any CPU.Build.0 = Debug|Any CPU
		{61BABFDC-D680-47C7-A01D-D27C4E6598C5}.Release|Any CPU.ActiveCfg = Release|Any CPU
		{61BABFDC-D680-47C7-A01D-D27C4E6598C5}.Release|Any CPU.Build.0 = Release|Any CPU
	EndGlobalSection
	GlobalSection(SolutionProperties) = preSolution
		HideSolutionNode = FALSE
	EndGlobalSection
	GlobalSection(ExtensibilityGlobals) = postSolution
		SolutionGuid = {90E96750-85DE-4F66-9114-ED5EC3402B04}
	EndGlobalSection
EndGlobal
