
Microsoft Visual Studio Solution File, Format Version 12.00
# Visual Studio Version 17
VisualStudioVersion = 17.13.35818.85 d17.13
MinimumVisualStudioVersion = 10.0.40219.1
Project("{FAE04EC0-301F-11D3-BF4B-00C04F79EFBC}") = "Loading", "Loading.csproj", "{D7B788CD-C99F-4285-9290-73EBEF2322CC}"
EndProject
Global
	GlobalSection(SolutionConfigurationPlatforms) = preSolution
		Debug|Any CPU = Debug|Any CPU
		Release|Any CPU = Release|Any CPU
	EndGlobalSection
	GlobalSection(ProjectConfigurationPlatforms) = postSolution
		{D7B788CD-C99F-4285-9290-73EBEF2322CC}.Debug|Any CPU.ActiveCfg = Debug|Any CPU
		{D7B788CD-C99F-4285-9290-73EBEF2322CC}.Debug|Any CPU.Build.0 = Debug|Any CPU
		{D7B788CD-C99F-4285-9290-73EBEF2322CC}.Release|Any CPU.ActiveCfg = Release|Any CPU
		{D7B788CD-C99F-4285-9290-73EBEF2322CC}.Release|Any CPU.Build.0 = Release|Any CPU
	EndGlobalSection
	GlobalSection(SolutionProperties) = preSolution
		HideSolutionNode = FALSE
	EndGlobalSection
	GlobalSection(ExtensibilityGlobals) = postSolution
		SolutionGuid = {8986D184-3F5B-43B7-9818-546B2128BFF5}
	EndGlobalSection
EndGlobal
