
Microsoft Visual Studio Solution File, Format Version 12.00
# Visual Studio Version 17
VisualStudioVersion = 17.13.35818.85 d17.13
MinimumVisualStudioVersion = 10.0.40219.1
Project("{FAE04EC0-301F-11D3-BF4B-00C04F79EFBC}") = "study42", "study42.csproj", "{F09A939E-E3F7-4208-B2EE-650574BF2BA2}"
EndProject
Global
	GlobalSection(SolutionConfigurationPlatforms) = preSolution
		Debug|Any CPU = Debug|Any CPU
		Release|Any CPU = Release|Any CPU
	EndGlobalSection
	GlobalSection(ProjectConfigurationPlatforms) = postSolution
		{F09A939E-E3F7-4208-B2EE-650574BF2BA2}.Debug|Any CPU.ActiveCfg = Debug|Any CPU
		{F09A939E-E3F7-4208-B2EE-650574BF2BA2}.Debug|Any CPU.Build.0 = Debug|Any CPU
		{F09A939E-E3F7-4208-B2EE-650574BF2BA2}.Release|Any CPU.ActiveCfg = Release|Any CPU
		{F09A939E-E3F7-4208-B2EE-650574BF2BA2}.Release|Any CPU.Build.0 = Release|Any CPU
	EndGlobalSection
	GlobalSection(SolutionProperties) = preSolution
		HideSolutionNode = FALSE
	EndGlobalSection
	GlobalSection(ExtensibilityGlobals) = postSolution
		SolutionGuid = {FA8B55F8-01DE-4529-909C-CA6E4A407514}
	EndGlobalSection
EndGlobal
