
Microsoft Visual Studio Solution File, Format Version 12.00
# Visual Studio Version 17
VisualStudioVersion = 17.13.35818.85 d17.13
MinimumVisualStudioVersion = 10.0.40219.1
Project("{FAE04EC0-301F-11D3-BF4B-00C04F79EFBC}") = "모험가 키우기", "모험가 키우기.csproj", "{FF45A269-045A-42A1-B167-7872A2DBABA8}"
EndProject
Global
	GlobalSection(SolutionConfigurationPlatforms) = preSolution
		Debug|Any CPU = Debug|Any CPU
		Release|Any CPU = Release|Any CPU
	EndGlobalSection
	GlobalSection(ProjectConfigurationPlatforms) = postSolution
		{FF45A269-045A-42A1-B167-7872A2DBABA8}.Debug|Any CPU.ActiveCfg = Debug|Any CPU
		{FF45A269-045A-42A1-B167-7872A2DBABA8}.Debug|Any CPU.Build.0 = Debug|Any CPU
		{FF45A269-045A-42A1-B167-7872A2DBABA8}.Release|Any CPU.ActiveCfg = Release|Any CPU
		{FF45A269-045A-42A1-B167-7872A2DBABA8}.Release|Any CPU.Build.0 = Release|Any CPU
	EndGlobalSection
	GlobalSection(SolutionProperties) = preSolution
		HideSolutionNode = FALSE
	EndGlobalSection
	GlobalSection(ExtensibilityGlobals) = postSolution
		SolutionGuid = {BAC625A4-05BB-4B34-83D9-A10D63C2D192}
	EndGlobalSection
EndGlobal
