
Microsoft Visual Studio Solution File, Format Version 12.00
# Visual Studio Version 17
VisualStudioVersion = 17.13.35818.85 d17.13
MinimumVisualStudioVersion = 10.0.40219.1
Project("{FAE04EC0-301F-11D3-BF4B-00C04F79EFBC}") = "study4", "study4.csproj", "{38ECBC3F-B480-44A8-BE6D-589B19815D33}"
EndProject
Global
	GlobalSection(SolutionConfigurationPlatforms) = preSolution
		Debug|Any CPU = Debug|Any CPU
		Release|Any CPU = Release|Any CPU
	EndGlobalSection
	GlobalSection(ProjectConfigurationPlatforms) = postSolution
		{38ECBC3F-B480-44A8-BE6D-589B19815D33}.Debug|Any CPU.ActiveCfg = Debug|Any CPU
		{38ECBC3F-B480-44A8-BE6D-589B19815D33}.Debug|Any CPU.Build.0 = Debug|Any CPU
		{38ECBC3F-B480-44A8-BE6D-589B19815D33}.Release|Any CPU.ActiveCfg = Release|Any CPU
		{38ECBC3F-B480-44A8-BE6D-589B19815D33}.Release|Any CPU.Build.0 = Release|Any CPU
	EndGlobalSection
	GlobalSection(SolutionProperties) = preSolution
		HideSolutionNode = FALSE
	EndGlobalSection
	GlobalSection(ExtensibilityGlobals) = postSolution
		SolutionGuid = {C4823F1A-A45B-44EE-9463-15035739A19C}
	EndGlobalSection
EndGlobal
