
Microsoft Visual Studio Solution File, Format Version 12.00
# Visual Studio Version 17
VisualStudioVersion = 17.13.35818.85 d17.13
MinimumVisualStudioVersion = 10.0.40219.1
Project("{FAE04EC0-301F-11D3-BF4B-00C04F79EFBC}") = "shooting game4", "shooting game4.csproj", "{38AFC9B7-EAB7-4D9C-9A30-EF9E4909E602}"
EndProject
Global
	GlobalSection(SolutionConfigurationPlatforms) = preSolution
		Debug|Any CPU = Debug|Any CPU
		Release|Any CPU = Release|Any CPU
	EndGlobalSection
	GlobalSection(ProjectConfigurationPlatforms) = postSolution
		{38AFC9B7-EAB7-4D9C-9A30-EF9E4909E602}.Debug|Any CPU.ActiveCfg = Debug|Any CPU
		{38AFC9B7-EAB7-4D9C-9A30-EF9E4909E602}.Debug|Any CPU.Build.0 = Debug|Any CPU
		{38AFC9B7-EAB7-4D9C-9A30-EF9E4909E602}.Release|Any CPU.ActiveCfg = Release|Any CPU
		{38AFC9B7-EAB7-4D9C-9A30-EF9E4909E602}.Release|Any CPU.Build.0 = Release|Any CPU
	EndGlobalSection
	GlobalSection(SolutionProperties) = preSolution
		HideSolutionNode = FALSE
	EndGlobalSection
	GlobalSection(ExtensibilityGlobals) = postSolution
		SolutionGuid = {9A6DAD2E-7AE8-46C8-80FD-43A6413A1796}
	EndGlobalSection
EndGlobal
