
Microsoft Visual Studio Solution File, Format Version 12.00
# Visual Studio Version 17
VisualStudioVersion = 17.13.35818.85 d17.13
MinimumVisualStudioVersion = 10.0.40219.1
Project("{FAE04EC0-301F-11D3-BF4B-00C04F79EFBC}") = "shooting game2", "shooting game2.csproj", "{497E9A10-51CF-4430-BFB0-DB0922C90477}"
EndProject
Global
	GlobalSection(SolutionConfigurationPlatforms) = preSolution
		Debug|Any CPU = Debug|Any CPU
		Release|Any CPU = Release|Any CPU
	EndGlobalSection
	GlobalSection(ProjectConfigurationPlatforms) = postSolution
		{497E9A10-51CF-4430-BFB0-DB0922C90477}.Debug|Any CPU.ActiveCfg = Debug|Any CPU
		{497E9A10-51CF-4430-BFB0-DB0922C90477}.Debug|Any CPU.Build.0 = Debug|Any CPU
		{497E9A10-51CF-4430-BFB0-DB0922C90477}.Release|Any CPU.ActiveCfg = Release|Any CPU
		{497E9A10-51CF-4430-BFB0-DB0922C90477}.Release|Any CPU.Build.0 = Release|Any CPU
	EndGlobalSection
	GlobalSection(SolutionProperties) = preSolution
		HideSolutionNode = FALSE
	EndGlobalSection
	GlobalSection(ExtensibilityGlobals) = postSolution
		SolutionGuid = {6FAC6C5B-CC57-4AC6-8FEA-086939931785}
	EndGlobalSection
EndGlobal
