
Microsoft Visual Studio Solution File, Format Version 12.00
# Visual Studio Version 17
VisualStudioVersion = 17.13.35818.85 d17.13
MinimumVisualStudioVersion = 10.0.40219.1
Project("{FAE04EC0-301F-11D3-BF4B-00C04F79EFBC}") = "study29", "study29.csproj", "{5E499D99-90FF-4402-A53B-BC625475003B}"
EndProject
Global
	GlobalSection(SolutionConfigurationPlatforms) = preSolution
		Debug|Any CPU = Debug|Any CPU
		Release|Any CPU = Release|Any CPU
	EndGlobalSection
	GlobalSection(ProjectConfigurationPlatforms) = postSolution
		{5E499D99-90FF-4402-A53B-BC625475003B}.Debug|Any CPU.ActiveCfg = Debug|Any CPU
		{5E499D99-90FF-4402-A53B-BC625475003B}.Debug|Any CPU.Build.0 = Debug|Any CPU
		{5E499D99-90FF-4402-A53B-BC625475003B}.Release|Any CPU.ActiveCfg = Release|Any CPU
		{5E499D99-90FF-4402-A53B-BC625475003B}.Release|Any CPU.Build.0 = Release|Any CPU
	EndGlobalSection
	GlobalSection(SolutionProperties) = preSolution
		HideSolutionNode = FALSE
	EndGlobalSection
	GlobalSection(ExtensibilityGlobals) = postSolution
		SolutionGuid = {7DB25FF1-D61D-4E12-B8F3-2F3595B72659}
	EndGlobalSection
EndGlobal
