
Microsoft Visual Studio Solution File, Format Version 12.00
# Visual Studio Version 17
VisualStudioVersion = 17.13.35818.85 d17.13
MinimumVisualStudioVersion = 10.0.40219.1
Project("{FAE04EC0-301F-11D3-BF4B-00C04F79EFBC}") = "stduy34", "stduy34.csproj", "{525522FE-6966-4756-A8A3-05A720758063}"
EndProject
Global
	GlobalSection(SolutionConfigurationPlatforms) = preSolution
		Debug|Any CPU = Debug|Any CPU
		Release|Any CPU = Release|Any CPU
	EndGlobalSection
	GlobalSection(ProjectConfigurationPlatforms) = postSolution
		{525522FE-6966-4756-A8A3-05A720758063}.Debug|Any CPU.ActiveCfg = Debug|Any CPU
		{525522FE-6966-4756-A8A3-05A720758063}.Debug|Any CPU.Build.0 = Debug|Any CPU
		{525522FE-6966-4756-A8A3-05A720758063}.Release|Any CPU.ActiveCfg = Release|Any CPU
		{525522FE-6966-4756-A8A3-05A720758063}.Release|Any CPU.Build.0 = Release|Any CPU
	EndGlobalSection
	GlobalSection(SolutionProperties) = preSolution
		HideSolutionNode = FALSE
	EndGlobalSection
	GlobalSection(ExtensibilityGlobals) = postSolution
		SolutionGuid = {1DC580C6-EAAA-4D0A-97BB-8071CD027326}
	EndGlobalSection
EndGlobal
