
Microsoft Visual Studio Solution File, Format Version 12.00
# Visual Studio Version 17
VisualStudioVersion = 17.13.35818.85 d17.13
MinimumVisualStudioVersion = 10.0.40219.1
Project("{FAE04EC0-301F-11D3-BF4B-00C04F79EFBC}") = "study41", "study41.csproj", "{32575FAC-655A-4D48-994C-F1CC8865DC30}"
EndProject
Global
	GlobalSection(SolutionConfigurationPlatforms) = preSolution
		Debug|Any CPU = Debug|Any CPU
		Release|Any CPU = Release|Any CPU
	EndGlobalSection
	GlobalSection(ProjectConfigurationPlatforms) = postSolution
		{32575FAC-655A-4D48-994C-F1CC8865DC30}.Debug|Any CPU.ActiveCfg = Debug|Any CPU
		{32575FAC-655A-4D48-994C-F1CC8865DC30}.Debug|Any CPU.Build.0 = Debug|Any CPU
		{32575FAC-655A-4D48-994C-F1CC8865DC30}.Release|Any CPU.ActiveCfg = Release|Any CPU
		{32575FAC-655A-4D48-994C-F1CC8865DC30}.Release|Any CPU.Build.0 = Release|Any CPU
	EndGlobalSection
	GlobalSection(SolutionProperties) = preSolution
		HideSolutionNode = FALSE
	EndGlobalSection
	GlobalSection(ExtensibilityGlobals) = postSolution
		SolutionGuid = {A477EE28-84E7-4239-97B4-E0E3E0917235}
	EndGlobalSection
EndGlobal
