
Microsoft Visual Studio Solution File, Format Version 12.00
# Visual Studio Version 17
VisualStudioVersion = 17.13.35818.85 d17.13
MinimumVisualStudioVersion = 10.0.40219.1
Project("{FAE04EC0-301F-11D3-BF4B-00C04F79EFBC}") = "study9", "study9.csproj", "{2F2F9FBF-98D0-4EAB-AAE1-8C8E94C06341}"
EndProject
Global
	GlobalSection(SolutionConfigurationPlatforms) = preSolution
		Debug|Any CPU = Debug|Any CPU
		Release|Any CPU = Release|Any CPU
	EndGlobalSection
	GlobalSection(ProjectConfigurationPlatforms) = postSolution
		{2F2F9FBF-98D0-4EAB-AAE1-8C8E94C06341}.Debug|Any CPU.ActiveCfg = Debug|Any CPU
		{2F2F9FBF-98D0-4EAB-AAE1-8C8E94C06341}.Debug|Any CPU.Build.0 = Debug|Any CPU
		{2F2F9FBF-98D0-4EAB-AAE1-8C8E94C06341}.Release|Any CPU.ActiveCfg = Release|Any CPU
		{2F2F9FBF-98D0-4EAB-AAE1-8C8E94C06341}.Release|Any CPU.Build.0 = Release|Any CPU
	EndGlobalSection
	GlobalSection(SolutionProperties) = preSolution
		HideSolutionNode = FALSE
	EndGlobalSection
	GlobalSection(ExtensibilityGlobals) = postSolution
		SolutionGuid = {5C59D1A6-7A82-4217-AD07-7D2D2C30F76A}
	EndGlobalSection
EndGlobal
