
Microsoft Visual Studio Solution File, Format Version 12.00
# Visual Studio Version 17
VisualStudioVersion = 17.13.35818.85 d17.13
MinimumVisualStudioVersion = 10.0.40219.1
Project("{FAE04EC0-301F-11D3-BF4B-00C04F79EFBC}") = "TEXTRPG", "TEXTRPG.csproj", "{FB2CD51B-800F-4F7C-ACCC-CB1F0DC5625F}"
EndProject
Global
	GlobalSection(SolutionConfigurationPlatforms) = preSolution
		Debug|Any CPU = Debug|Any CPU
		Release|Any CPU = Release|Any CPU
	EndGlobalSection
	GlobalSection(ProjectConfigurationPlatforms) = postSolution
		{FB2CD51B-800F-4F7C-ACCC-CB1F0DC5625F}.Debug|Any CPU.ActiveCfg = Debug|Any CPU
		{FB2CD51B-800F-4F7C-ACCC-CB1F0DC5625F}.Debug|Any CPU.Build.0 = Debug|Any CPU
		{FB2CD51B-800F-4F7C-ACCC-CB1F0DC5625F}.Release|Any CPU.ActiveCfg = Release|Any CPU
		{FB2CD51B-800F-4F7C-ACCC-CB1F0DC5625F}.Release|Any CPU.Build.0 = Release|Any CPU
	EndGlobalSection
	GlobalSection(SolutionProperties) = preSolution
		HideSolutionNode = FALSE
	EndGlobalSection
	GlobalSection(ExtensibilityGlobals) = postSolution
		SolutionGuid = {1D905F86-3F28-4EED-B01D-6BECC4BA0BB4}
	EndGlobalSection
EndGlobal
